// !$*UTF8*$!
{
	archiveVersion = 1;
	classes = {
	};
	objectVersion = 52;
	objects = {

/* Begin PBXBuildFile section */
		C10151A724FBA75D008B8FC1 /* AvatarView.swift in Sources */ = {isa = PBXBuildFile; fileRef = C10151A624FBA75D008B8FC1 /* AvatarView.swift */; };
		C10151A924FBA88E008B8FC1 /* unnamed.png in Resources */ = {isa = PBXBuildFile; fileRef = C10151A824FBA88E008B8FC1 /* unnamed.png */; };
		C10151AB24FBD660008B8FC1 /* LikeControl.swift in Sources */ = {isa = PBXBuildFile; fileRef = C10151AA24FBD660008B8FC1 /* LikeControl.swift */; };
		C17BBDF924E84CC700D65AB9 /* AppDelegate.swift in Sources */ = {isa = PBXBuildFile; fileRef = C17BBDF824E84CC700D65AB9 /* AppDelegate.swift */; };
		C17BBDFB24E84CC700D65AB9 /* SceneDelegate.swift in Sources */ = {isa = PBXBuildFile; fileRef = C17BBDFA24E84CC700D65AB9 /* SceneDelegate.swift */; };
		C17BBDFD24E84CC700D65AB9 /* ViewController.swift in Sources */ = {isa = PBXBuildFile; fileRef = C17BBDFC24E84CC700D65AB9 /* ViewController.swift */; };
		C17BBE0024E84CC700D65AB9 /* Main.storyboard in Resources */ = {isa = PBXBuildFile; fileRef = C17BBDFE24E84CC700D65AB9 /* Main.storyboard */; };
		C17BBE0224E84CCA00D65AB9 /* Assets.xcassets in Resources */ = {isa = PBXBuildFile; fileRef = C17BBE0124E84CCA00D65AB9 /* Assets.xcassets */; };
		C17BBE0524E84CCA00D65AB9 /* LaunchScreen.storyboard in Resources */ = {isa = PBXBuildFile; fileRef = C17BBE0324E84CCA00D65AB9 /* LaunchScreen.storyboard */; };
		C1DFAF1724F3CCBE00BAAD05 /* FriendListViewController.swift in Sources */ = {isa = PBXBuildFile; fileRef = C1DFAF1624F3CCBE00BAAD05 /* FriendListViewController.swift */; };
		C1DFAF1C24F3D5ED00BAAD05 /* GroupViewController.swift in Sources */ = {isa = PBXBuildFile; fileRef = C1DFAF1B24F3D5ED00BAAD05 /* GroupViewController.swift */; };
		C1DFAF1F24F3D87A00BAAD05 /* User.swift in Sources */ = {isa = PBXBuildFile; fileRef = C1DFAF1E24F3D87A00BAAD05 /* User.swift */; };
		C1DFAF2224F3D91E00BAAD05 /* Group.swift in Sources */ = {isa = PBXBuildFile; fileRef = C1DFAF2124F3D91E00BAAD05 /* Group.swift */; };
/* End PBXBuildFile section */

/* Begin PBXFileReference section */
		C10151A624FBA75D008B8FC1 /* AvatarView.swift */ = {isa = PBXFileReference; lastKnownFileType = sourcecode.swift; path = AvatarView.swift; sourceTree = "<group>"; };
		C10151A824FBA88E008B8FC1 /* unnamed.png */ = {isa = PBXFileReference; lastKnownFileType = image.png; path = unnamed.png; sourceTree = "<group>"; };
		C10151AA24FBD660008B8FC1 /* LikeControl.swift */ = {isa = PBXFileReference; lastKnownFileType = sourcecode.swift; path = LikeControl.swift; sourceTree = "<group>"; };
		C17BBDF524E84CC700D65AB9 /* VDark.app */ = {isa = PBXFileReference; explicitFileType = wrapper.application; includeInIndex = 0; path = VDark.app; sourceTree = BUILT_PRODUCTS_DIR; };
		C17BBDF824E84CC700D65AB9 /* AppDelegate.swift */ = {isa = PBXFileReference; lastKnownFileType = sourcecode.swift; path = AppDelegate.swift; sourceTree = "<group>"; };
		C17BBDFA24E84CC700D65AB9 /* SceneDelegate.swift */ = {isa = PBXFileReference; lastKnownFileType = sourcecode.swift; path = SceneDelegate.swift; sourceTree = "<group>"; };
		C17BBDFC24E84CC700D65AB9 /* ViewController.swift */ = {isa = PBXFileReference; lastKnownFileType = sourcecode.swift; path = ViewController.swift; sourceTree = "<group>"; };
		C17BBDFF24E84CC700D65AB9 /* Base */ = {isa = PBXFileReference; lastKnownFileType = file.storyboard; name = Base; path = Base.lproj/Main.storyboard; sourceTree = "<group>"; };
		C17BBE0124E84CCA00D65AB9 /* Assets.xcassets */ = {isa = PBXFileReference; lastKnownFileType = folder.assetcatalog; path = Assets.xcassets; sourceTree = "<group>"; };
		C17BBE0424E84CCA00D65AB9 /* Base */ = {isa = PBXFileReference; lastKnownFileType = file.storyboard; name = Base; path = Base.lproj/LaunchScreen.storyboard; sourceTree = "<group>"; };
		C17BBE0624E84CCA00D65AB9 /* Info.plist */ = {isa = PBXFileReference; lastKnownFileType = text.plist.xml; path = Info.plist; sourceTree = "<group>"; };
		C1DFAF1624F3CCBE00BAAD05 /* FriendListViewController.swift */ = {isa = PBXFileReference; lastKnownFileType = sourcecode.swift; path = FriendListViewController.swift; sourceTree = "<group>"; };
		C1DFAF1B24F3D5ED00BAAD05 /* GroupViewController.swift */ = {isa = PBXFileReference; lastKnownFileType = sourcecode.swift; path = GroupViewController.swift; sourceTree = "<group>"; };
		C1DFAF1E24F3D87A00BAAD05 /* User.swift */ = {isa = PBXFileReference; lastKnownFileType = sourcecode.swift; path = User.swift; sourceTree = "<group>"; };
		C1DFAF2124F3D91E00BAAD05 /* Group.swift */ = {isa = PBXFileReference; lastKnownFileType = sourcecode.swift; path = Group.swift; sourceTree = "<group>"; };
/* End PBXFileReference section */

/* Begin PBXFrameworksBuildPhase section */
		C17BBDF224E84CC700D65AB9 /* Frameworks */ = {
			isa = PBXFrameworksBuildPhase;
			buildActionMask = 2147483647;
			files = (
			);
			runOnlyForDeploymentPostprocessing = 0;
		};
/* End PBXFrameworksBuildPhase section */

/* Begin PBXGroup section */
		C10151A424FBA725008B8FC1 /* SwiftView */ = {
			isa = PBXGroup;
			children = (
				C17BBDFC24E84CC700D65AB9 /* ViewController.swift */,
				C1DFAF1624F3CCBE00BAAD05 /* FriendListViewController.swift */,
				C1DFAF1B24F3D5ED00BAAD05 /* GroupViewController.swift */,
			);
			path = SwiftView;
			sourceTree = "<group>";
		};
		C10151A524FBA74B008B8FC1 /* CustomViews */ = {
			isa = PBXGroup;
			children = (
				C10151A624FBA75D008B8FC1 /* AvatarView.swift */,
				C10151AA24FBD660008B8FC1 /* LikeControl.swift */,
			);
			path = CustomViews;
			sourceTree = "<group>";
		};
		C17BBDEC24E84CC700D65AB9 = {
			isa = PBXGroup;
			children = (
				C17BBDF724E84CC700D65AB9 /* VKApp */,
				C17BBDF624E84CC700D65AB9 /* Products */,
			);
			sourceTree = "<group>";
		};
		C17BBDF624E84CC700D65AB9 /* Products */ = {
			isa = PBXGroup;
			children = (
				C17BBDF524E84CC700D65AB9 /* VDark.app */,
			);
			name = Products;
			sourceTree = "<group>";
		};
		C17BBDF724E84CC700D65AB9 /* VKApp */ = {
			isa = PBXGroup;
			children = (
				C10151A524FBA74B008B8FC1 /* CustomViews */,
				C10151A424FBA725008B8FC1 /* SwiftView */,
				C1DFAF1D24F3D87000BAAD05 /* Models */,
				C17BBDF824E84CC700D65AB9 /* AppDelegate.swift */,
				C17BBDFA24E84CC700D65AB9 /* SceneDelegate.swift */,
				C17BBDFE24E84CC700D65AB9 /* Main.storyboard */,
				C17BBE0124E84CCA00D65AB9 /* Assets.xcassets */,
				C17BBE0324E84CCA00D65AB9 /* LaunchScreen.storyboard */,
				C17BBE0624E84CCA00D65AB9 /* Info.plist */,
				C10151A824FBA88E008B8FC1 /* unnamed.png */,
			);
			path = VKApp;
			sourceTree = "<group>";
		};
		C1DFAF1D24F3D87000BAAD05 /* Models */ = {
			isa = PBXGroup;
			children = (
				C1DFAF1E24F3D87A00BAAD05 /* User.swift */,
				C1DFAF2124F3D91E00BAAD05 /* Group.swift */,
			);
			path = Models;
			sourceTree = "<group>";
		};
/* End PBXGroup section */

/* Begin PBXNativeTarget section */
		C17BBDF424E84CC700D65AB9 /* VKApp */ = {
			isa = PBXNativeTarget;
			buildConfigurationList = C17BBE0924E84CCA00D65AB9 /* Build configuration list for PBXNativeTarget "VKApp" */;
			buildPhases = (
				C17BBDF124E84CC700D65AB9 /* Sources */,
				C17BBDF224E84CC700D65AB9 /* Frameworks */,
				C17BBDF324E84CC700D65AB9 /* Resources */,
			);
			buildRules = (
			);
			dependencies = (
			);
			name = VKApp;
			productName = VKApp;
			productReference = C17BBDF524E84CC700D65AB9 /* VDark.app */;
			productType = "com.apple.product-type.application";
		};
/* End PBXNativeTarget section */

/* Begin PBXProject section */
		C17BBDED24E84CC700D65AB9 /* Project object */ = {
			isa = PBXProject;
			attributes = {
				LastSwiftUpdateCheck = 1160;
				LastUpgradeCheck = 1160;
				ORGANIZATIONNAME = g4play;
				TargetAttributes = {
					C17BBDF424E84CC700D65AB9 = {
						CreatedOnToolsVersion = 11.6;
					};
				};
			};
			buildConfigurationList = C17BBDF024E84CC700D65AB9 /* Build configuration list for PBXProject "VKApp" */;
			compatibilityVersion = "Xcode 11.0";
			developmentRegion = en;
			hasScannedForEncodings = 0;
			knownRegions = (
				en,
				Base,
			);
			mainGroup = C17BBDEC24E84CC700D65AB9;
			productRefGroup = C17BBDF624E84CC700D65AB9 /* Products */;
			projectDirPath = "";
			projectRoot = "";
			targets = (
				C17BBDF424E84CC700D65AB9 /* VKApp */,
			);
		};
/* End PBXProject section */

/* Begin PBXResourcesBuildPhase section */
		C17BBDF324E84CC700D65AB9 /* Resources */ = {
			isa = PBXResourcesBuildPhase;
			buildActionMask = 2147483647;
			files = (
				C17BBE0524E84CCA00D65AB9 /* LaunchScreen.storyboard in Resources */,
				C17BBE0224E84CCA00D65AB9 /* Assets.xcassets in Resources */,
				C10151A924FBA88E008B8FC1 /* unnamed.png in Resources */,
				C17BBE0024E84CC700D65AB9 /* Main.storyboard in Resources */,
			);
			runOnlyForDeploymentPostprocessing = 0;
		};
/* End PBXResourcesBuildPhase section */

/* Begin PBXSourcesBuildPhase section */
		C17BBDF124E84CC700D65AB9 /* Sources */ = {
			isa = PBXSourcesBuildPhase;
			buildActionMask = 2147483647;
			files = (
				C1DFAF2224F3D91E00BAAD05 /* Group.swift in Sources */,
				C1DFAF1724F3CCBE00BAAD05 /* FriendListViewController.swift in Sources */,
				C17BBDFD24E84CC700D65AB9 /* ViewController.swift in Sources */,
				C1DFAF1F24F3D87A00BAAD05 /* User.swift in Sources */,
				C17BBDF924E84CC700D65AB9 /* AppDelegate.swift in Sources */,
				C10151A724FBA75D008B8FC1 /* AvatarView.swift in Sources */,
				C17BBDFB24E84CC700D65AB9 /* SceneDelegate.swift in Sources */,
				C10151AB24FBD660008B8FC1 /* LikeControl.swift in Sources */,
				C1DFAF1C24F3D5ED00BAAD05 /* GroupViewController.swift in Sources */,
			);
			runOnlyForDeploymentPostprocessing = 0;
		};
/* End PBXSourcesBuildPhase section */

/* Begin PBXVariantGroup section */
		C17BBDFE24E84CC700D65AB9 /* Main.storyboard */ = {
			isa = PBXVariantGroup;
			children = (
				C17BBDFF24E84CC700D65AB9 /* Base */,
			);
			name = Main.storyboard;
			sourceTree = "<group>";
		};
		C17BBE0324E84CCA00D65AB9 /* LaunchScreen.storyboard */ = {
			isa = PBXVariantGroup;
			children = (
				C17BBE0424E84CCA00D65AB9 /* Base */,
			);
			name = LaunchScreen.storyboard;
			sourceTree = "<group>";
		};
/* End PBXVariantGroup section */

/* Begin XCBuildConfiguration section */
		C17BBE0724E84CCA00D65AB9 /* Debug */ = {
			isa = XCBuildConfiguration;
			buildSettings = {
				ALWAYS_SEARCH_USER_PATHS = NO;
				CLANG_ANALYZER_NONNULL = YES;
				CLANG_ANALYZER_NUMBER_OBJECT_CONVERSION = YES_AGGRESSIVE;
				CLANG_CXX_LANGUAGE_STANDARD = "gnu++14";
				CLANG_CXX_LIBRARY = "libc++";
				CLANG_ENABLE_MODULES = YES;
				CLANG_ENABLE_OBJC_ARC = YES;
				CLANG_ENABLE_OBJC_WEAK = YES;
				CLANG_WARN_BLOCK_CAPTURE_AUTORELEASING = YES;
				CLANG_WARN_BOOL_CONVERSION = YES;
				CLANG_WARN_COMMA = YES;
				CLANG_WARN_CONSTANT_CONVERSION = YES;
				CLANG_WARN_DEPRECATED_OBJC_IMPLEMENTATIONS = YES;
				CLANG_WARN_DIRECT_OBJC_ISA_USAGE = YES_ERROR;
				CLANG_WARN_DOCUMENTATION_COMMENTS = YES;
				CLANG_WARN_EMPTY_BODY = YES;
				CLANG_WARN_ENUM_CONVERSION = YES;
				CLANG_WARN_INFINITE_RECURSION = YES;
				CLANG_WARN_INT_CONVERSION = YES;
				CLANG_WARN_NON_LITERAL_NULL_CONVERSION = YES;
				CLANG_WARN_OBJC_IMPLICIT_RETAIN_SELF = YES;
				CLANG_WARN_OBJC_LITERAL_CONVERSION = YES;
				CLANG_WARN_OBJC_ROOT_CLASS = YES_ERROR;
				CLANG_WARN_RANGE_LOOP_ANALYSIS = YES;
				CLANG_WARN_STRICT_PROTOTYPES = YES;
				CLANG_WARN_SUSPICIOUS_MOVE = YES;
				CLANG_WARN_UNGUARDED_AVAILABILITY = YES_AGGRESSIVE;
				CLANG_WARN_UNREACHABLE_CODE = YES;
				CLANG_WARN__DUPLICATE_METHOD_MATCH = YES;
				COPY_PHASE_STRIP = NO;
				DEBUG_INFORMATION_FORMAT = dwarf;
				ENABLE_STRICT_OBJC_MSGSEND = YES;
				ENABLE_TESTABILITY = YES;
				GCC_C_LANGUAGE_STANDARD = gnu11;
				GCC_DYNAMIC_NO_PIC = NO;
				GCC_NO_COMMON_BLOCKS = YES;
				GCC_OPTIMIZATION_LEVEL = 0;
				GCC_PREPROCESSOR_DEFINITIONS = (
					"DEBUG=1",
					"$(inherited)",
				);
				GCC_WARN_64_TO_32_BIT_CONVERSION = YES;
				GCC_WARN_ABOUT_RETURN_TYPE = YES_ERROR;
				GCC_WARN_UNDECLARED_SELECTOR = YES;
				GCC_WARN_UNINITIALIZED_AUTOS = YES_AGGRESSIVE;
				GCC_WARN_UNUSED_FUNCTION = YES;
				GCC_WARN_UNUSED_VARIABLE = YES;
				IPHONEOS_DEPLOYMENT_TARGET = 13.6;
				MTL_ENABLE_DEBUG_INFO = INCLUDE_SOURCE;
				MTL_FAST_MATH = YES;
				ONLY_ACTIVE_ARCH = YES;
				SDKROOT = iphoneos;
				SWIFT_ACTIVE_COMPILATION_CONDITIONS = DEBUG;
				SWIFT_OPTIMIZATION_LEVEL = "-Onone";
			};
			name = Debug;
		};
		C17BBE0824E84CCA00D65AB9 /* Release */ = {
			isa = XCBuildConfiguration;
			buildSettings = {
				ALWAYS_SEARCH_USER_PATHS = NO;
				CLANG_ANALYZER_NONNULL = YES;
				CLANG_ANALYZER_NUMBER_OBJECT_CONVERSION = YES_AGGRESSIVE;
				CLANG_CXX_LANGUAGE_STANDARD = "gnu++14";
				CLANG_CXX_LIBRARY = "libc++";
				CLANG_ENABLE_MODULES = YES;
				CLANG_ENABLE_OBJC_ARC = YES;
				CLANG_ENABLE_OBJC_WEAK = YES;
				CLANG_WARN_BLOCK_CAPTURE_AUTORELEASING = YES;
				CLANG_WARN_BOOL_CONVERSION = YES;
				CLANG_WARN_COMMA = YES;
				CLANG_WARN_CONSTANT_CONVERSION = YES;
				CLANG_WARN_DEPRECATED_OBJC_IMPLEMENTATIONS = YES;
				CLANG_WARN_DIRECT_OBJC_ISA_USAGE = YES_ERROR;
				CLANG_WARN_DOCUMENTATION_COMMENTS = YES;
				CLANG_WARN_EMPTY_BODY = YES;
				CLANG_WARN_ENUM_CONVERSION = YES;
				CLANG_WARN_INFINITE_RECURSION = YES;
				CLANG_WARN_INT_CONVERSION = YES;
				CLANG_WARN_NON_LITERAL_NULL_CONVERSION = YES;
				CLANG_WARN_OBJC_IMPLICIT_RETAIN_SELF = YES;
				CLANG_WARN_OBJC_LITERAL_CONVERSION = YES;
				CLANG_WARN_OBJC_ROOT_CLASS = YES_ERROR;
				CLANG_WARN_RANGE_LOOP_ANALYSIS = YES;
				CLANG_WARN_STRICT_PROTOTYPES = YES;
				CLANG_WARN_SUSPICIOUS_MOVE = YES;
				CLANG_WARN_UNGUARDED_AVAILABILITY = YES_AGGRESSIVE;
				CLANG_WARN_UNREACHABLE_CODE = YES;
				CLANG_WARN__DUPLICATE_METHOD_MATCH = YES;
				COPY_PHASE_STRIP = NO;
				DEBUG_INFORMATION_FORMAT = "dwarf-with-dsym";
				ENABLE_NS_ASSERTIONS = NO;
				ENABLE_STRICT_OBJC_MSGSEND = YES;
				GCC_C_LANGUAGE_STANDARD = gnu11;
				GCC_NO_COMMON_BLOCKS = YES;
				GCC_WARN_64_TO_32_BIT_CONVERSION = YES;
				GCC_WARN_ABOUT_RETURN_TYPE = YES_ERROR;
				GCC_WARN_UNDECLARED_SELECTOR = YES;
				GCC_WARN_UNINITIALIZED_AUTOS = YES_AGGRESSIVE;
				GCC_WARN_UNUSED_FUNCTION = YES;
				GCC_WARN_UNUSED_VARIABLE = YES;
				IPHONEOS_DEPLOYMENT_TARGET = 13.6;
				MTL_ENABLE_DEBUG_INFO = NO;
				MTL_FAST_MATH = YES;
				SDKROOT = iphoneos;
				SWIFT_COMPILATION_MODE = wholemodule;
				SWIFT_OPTIMIZATION_LEVEL = "-O";
				VALIDATE_PRODUCT = YES;
			};
			name = Release;
		};
		C17BBE0A24E84CCA00D65AB9 /* Debug */ = {
			isa = XCBuildConfiguration;
			buildSettings = {
				ASSETCATALOG_COMPILER_APPICON_NAME = AppIcon;
				CODE_SIGN_STYLE = Automatic;
				DEVELOPMENT_TEAM = G978ZRD3WA;
				INFOPLIST_FILE = VKApp/Info.plist;
				IPHONEOS_DEPLOYMENT_TARGET = 13.0;
				LD_RUNPATH_SEARCH_PATHS = (
					"$(inherited)",
					"@executable_path/Frameworks",
				);
				PRODUCT_BUNDLE_IDENTIFIER = com.g4play.VDark;
				PRODUCT_NAME = VDark;
				SWIFT_VERSION = 5.0;
				TARGETED_DEVICE_FAMILY = "1,2";
			};
			name = Debug;
		};
		C17BBE0B24E84CCA00D65AB9 /* Release */ = {
			isa = XCBuildConfiguration;
			buildSettings = {
				ASSETCATALOG_COMPILER_APPICON_NAME = AppIcon;
				CODE_SIGN_STYLE = Automatic;
				DEVELOPMENT_TEAM = G978ZRD3WA;
				INFOPLIST_FILE = VKApp/Info.plist;
				IPHONEOS_DEPLOYMENT_TARGET = 13.0;
				LD_RUNPATH_SEARCH_PATHS = (
					"$(inherited)",
					"@executable_path/Frameworks",
				);
				PRODUCT_BUNDLE_IDENTIFIER = com.g4play.VDark;
				PRODUCT_NAME = VDark;
				SWIFT_VERSION = 5.0;
				TARGETED_DEVICE_FAMILY = "1,2";
			};
			name = Release;
		};
/* End XCBuildConfiguration section */

/* Begin XCConfigurationList section */
		C17BBDF024E84CC700D65AB9 /* Build configuration list for PBXProject "VKApp" */ = {
			isa = XCConfigurationList;
			buildConfigurations = (
				C17BBE0724E84CCA00D65AB9 /* Debug */,
				C17BBE0824E84CCA00D65AB9 /* Release */,
			);
			defaultConfigurationIsVisible = 0;
			defaultConfigurationName = Release;
		};
		C17BBE0924E84CCA00D65AB9 /* Build configuration list for PBXNativeTarget "VKApp" */ = {
			isa = XCConfigurationList;
			buildConfigurations = (
				C17BBE0A24E84CCA00D65AB9 /* Debug */,
				C17BBE0B24E84CCA00D65AB9 /* Release */,
			);
			defaultConfigurationIsVisible = 0;
			defaultConfigurationName = Release;
		};
/* End XCConfigurationList section */
	};
	rootObject = C17BBDED24E84CC700D65AB9 /* Project object */;
}
